// !$*UTF8*$!
{
	archiveVersion = 1;
	classes = {
	};
	objectVersion = 56;
	objects = {

/* Begin PBXBuildFile section */
		72053A872A951D5000B1D3FC /* AddressListView.swift in Sources */ = {isa = PBXBuildFile; fileRef = 72053A862A951D5000B1D3FC /* AddressListView.swift */; };
		7218C7852C04D95A00986B0B /* ExpandDirectionsViewSymbol.swift in Sources */ = {isa = PBXBuildFile; fileRef = 7218C7842C04D95A00986B0B /* ExpandDirectionsViewSymbol.swift */; };
		721C11822C3495DB00272F31 /* AddVehicleForm.swift in Sources */ = {isa = PBXBuildFile; fileRef = 721C11812C3495DB00272F31 /* AddVehicleForm.swift */; };
		721E4BA32C569E9200C3C769 /* UpdateServiceEntry.swift in Sources */ = {isa = PBXBuildFile; fileRef = 721E4BA22C569E9200C3C769 /* UpdateServiceEntry.swift */; };
		721E4BA52C569EED00C3C769 /* UpdateFuelEntry.swift in Sources */ = {isa = PBXBuildFile; fileRef = 721E4BA42C569EED00C3C769 /* UpdateFuelEntry.swift */; };
		7222C2282C1C98F30029E26F /* InteractionFooterView.swift in Sources */ = {isa = PBXBuildFile; fileRef = 7222C2272C1C98F30029E26F /* InteractionFooterView.swift */; };
		7222C22A2C1C9D040029E26F /* AddressView.swift in Sources */ = {isa = PBXBuildFile; fileRef = 7222C2292C1C9D040029E26F /* AddressView.swift */; };
		7223439C2A8FD61F00DC7120 /* MapViewButton.swift in Sources */ = {isa = PBXBuildFile; fileRef = 7223439B2A8FD61E00DC7120 /* MapViewButton.swift */; };
		7223439E2A8FD6ED00DC7120 /* MapProgressView.swift in Sources */ = {isa = PBXBuildFile; fileRef = 7223439D2A8FD6ED00DC7120 /* MapProgressView.swift */; };
		7226953A2C41849E007B200B /* Settings+CoreDataClass.swift in Sources */ = {isa = PBXBuildFile; fileRef = 722695322C41849E007B200B /* Settings+CoreDataClass.swift */; };
		7226953B2C41849E007B200B /* Settings+CoreDataProperties.swift in Sources */ = {isa = PBXBuildFile; fileRef = 722695332C41849E007B200B /* Settings+CoreDataProperties.swift */; };
		7226953C2C41849E007B200B /* AutoFuelling+CoreDataClass.swift in Sources */ = {isa = PBXBuildFile; fileRef = 722695342C41849E007B200B /* AutoFuelling+CoreDataClass.swift */; };
		7226953D2C41849E007B200B /* AutoFuelling+CoreDataProperties.swift in Sources */ = {isa = PBXBuildFile; fileRef = 722695352C41849E007B200B /* AutoFuelling+CoreDataProperties.swift */; };
		7226953E2C41849E007B200B /* Vehicle+CoreDataClass.swift in Sources */ = {isa = PBXBuildFile; fileRef = 722695362C41849E007B200B /* Vehicle+CoreDataClass.swift */; };
		7226953F2C41849E007B200B /* Vehicle+CoreDataProperties.swift in Sources */ = {isa = PBXBuildFile; fileRef = 722695372C41849E007B200B /* Vehicle+CoreDataProperties.swift */; };
		722695402C41849E007B200B /* AutoService+CoreDataClass.swift in Sources */ = {isa = PBXBuildFile; fileRef = 722695382C41849E007B200B /* AutoService+CoreDataClass.swift */; };
		722695412C41849E007B200B /* AutoService+CoreDataProperties.swift in Sources */ = {isa = PBXBuildFile; fileRef = 722695392C41849E007B200B /* AutoService+CoreDataProperties.swift */; };
		722DABAE2BADF267004447FE /* RouteData.swift in Sources */ = {isa = PBXBuildFile; fileRef = 722DABAD2BADF267004447FE /* RouteData.swift */; };
		7246B2132C27284A00086BFB /* FuellingEntryForm.swift in Sources */ = {isa = PBXBuildFile; fileRef = 7246B2122C27284A00086BFB /* FuellingEntryForm.swift */; };
		7246B2152C272E1B00086BFB /* FuelData.swift in Sources */ = {isa = PBXBuildFile; fileRef = 7246B2142C272E1B00086BFB /* FuelData.swift */; };
		725110722C25CCA900822837 /* DashGridItemView.swift in Sources */ = {isa = PBXBuildFile; fileRef = 725110712C25CCA900822837 /* DashGridItemView.swift */; };
		725181CA2C19F32E00757DD7 /* DirectionsView.swift in Sources */ = {isa = PBXBuildFile; fileRef = 725181C92C19F32E00757DD7 /* DirectionsView.swift */; };
		725BEFC92C152D0E00EA3C37 /* NearbyLocationsListView.swift in Sources */ = {isa = PBXBuildFile; fileRef = 725BEFC82C152D0E00EA3C37 /* NearbyLocationsListView.swift */; };
		725EF4E02A91089B000FB0E1 /* MapUIViewAPI.swift in Sources */ = {isa = PBXBuildFile; fileRef = 725EF4DF2A91089B000FB0E1 /* MapUIViewAPI.swift */; };
		72608A682C14B22E00925696 /* RouteETAStackView.swift in Sources */ = {isa = PBXBuildFile; fileRef = 72608A672C14B22E00925696 /* RouteETAStackView.swift */; };
		726754232A7C004000CE6F46 /* MapApp.swift in Sources */ = {isa = PBXBuildFile; fileRef = 726754222A7C004000CE6F46 /* MapApp.swift */; };
		726754252A7C004000CE6F46 /* ContentView.swift in Sources */ = {isa = PBXBuildFile; fileRef = 726754242A7C004000CE6F46 /* ContentView.swift */; };
		726754272A7C004200CE6F46 /* Assets.xcassets in Resources */ = {isa = PBXBuildFile; fileRef = 726754262A7C004200CE6F46 /* Assets.xcassets */; };
		7267542A2A7C004200CE6F46 /* Preview Assets.xcassets in Resources */ = {isa = PBXBuildFile; fileRef = 726754292A7C004200CE6F46 /* Preview Assets.xcassets */; };
		726754342A7C004300CE6F46 /* MapTests.swift in Sources */ = {isa = PBXBuildFile; fileRef = 726754332A7C004300CE6F46 /* MapTests.swift */; };
		7267543E2A7C004300CE6F46 /* MapUITests.swift in Sources */ = {isa = PBXBuildFile; fileRef = 7267543D2A7C004300CE6F46 /* MapUITests.swift */; };
		726754402A7C004300CE6F46 /* MapUITestsLaunchTests.swift in Sources */ = {isa = PBXBuildFile; fileRef = 7267543F2A7C004300CE6F46 /* MapUITestsLaunchTests.swift */; };
		7267544E2A7C051500CE6F46 /* MapUIView.swift in Sources */ = {isa = PBXBuildFile; fileRef = 7267544D2A7C051500CE6F46 /* MapUIView.swift */; };
		726754502A7C077500CE6F46 /* MapSwiftUI.swift in Sources */ = {isa = PBXBuildFile; fileRef = 7267544F2A7C077500CE6F46 /* MapSwiftUI.swift */; };
		726A77DA2B486ABE0095B047 /* NavigationButton.swift in Sources */ = {isa = PBXBuildFile; fileRef = 726A77D92B486ABE0095B047 /* NavigationButton.swift */; };
		7271514D2A7D53B200B20767 /* LocationManager.swift in Sources */ = {isa = PBXBuildFile; fileRef = 7271514C2A7D53B200B20767 /* LocationManager.swift */; };
		7274A4E52C8B559B00C929CC /* NetworkAlertView.swift in Sources */ = {isa = PBXBuildFile; fileRef = 7274A4E42C8B559B00C929CC /* NetworkAlertView.swift */; };
		7274A4E72C8B566F00C929CC /* SearchProgressView.swift in Sources */ = {isa = PBXBuildFile; fileRef = 7274A4E62C8B566F00C929CC /* SearchProgressView.swift */; };
		727996302C1F3E4D00F323B4 /* AutoStatsView.swift in Sources */ = {isa = PBXBuildFile; fileRef = 7279962F2C1F3E4D00F323B4 /* AutoStatsView.swift */; };
		727996332C1F3EDE00F323B4 /* SettingsView.swift in Sources */ = {isa = PBXBuildFile; fileRef = 727996322C1F3EDE00F323B4 /* SettingsView.swift */; };
		727F5E072B34C748000ECCB7 /* LocalSearch.swift in Sources */ = {isa = PBXBuildFile; fileRef = 727F5E062B34C748000ECCB7 /* LocalSearch.swift */; };
		727F5E092B34C7C8000ECCB7 /* AddressResult.swift in Sources */ = {isa = PBXBuildFile; fileRef = 727F5E082B34C7C8000ECCB7 /* AddressResult.swift */; };
		728181FD2C52A6F400D8F3AA /* VehicleListItem.swift in Sources */ = {isa = PBXBuildFile; fileRef = 728181FC2C52A6F400D8F3AA /* VehicleListItem.swift */; };
		728237572C14AA7900F91AD8 /* NavigationRoutesListView.swift in Sources */ = {isa = PBXBuildFile; fileRef = 728237562C14AA7900F91AD8 /* NavigationRoutesListView.swift */; };
		7286A1472C24804700333A4F /* NewEntryStackView.swift in Sources */ = {isa = PBXBuildFile; fileRef = 7286A1462C24804700333A4F /* NewEntryStackView.swift */; };
		7286A1492C24813400333A4F /* FuelHistoryView.swift in Sources */ = {isa = PBXBuildFile; fileRef = 7286A1482C24813400333A4F /* FuelHistoryView.swift */; };
		7286A14B2C24948100333A4F /* ServiceHistoryView.swift in Sources */ = {isa = PBXBuildFile; fileRef = 7286A14A2C24948100333A4F /* ServiceHistoryView.swift */; };
		728A7CA62B90F282003AA218 /* GreetingsView.swift in Sources */ = {isa = PBXBuildFile; fileRef = 728A7CA52B90F282003AA218 /* GreetingsView.swift */; };
		72928F9B2C481548007ED736 /* GarageView.swift in Sources */ = {isa = PBXBuildFile; fileRef = 72928F9A2C481548007ED736 /* GarageView.swift */; };
		72928F9D2C481763007ED736 /* UpdateVehicleView.swift in Sources */ = {isa = PBXBuildFile; fileRef = 72928F9C2C481763007ED736 /* UpdateVehicleView.swift */; };
		72A6D14F2BD01B8000A33A0A /* PolylinePoint.swift in Sources */ = {isa = PBXBuildFile; fileRef = 72A6D14E2BD01B8000A33A0A /* PolylinePoint.swift */; };
		72A8BC242C29C3F600E0D7B2 /* AutoService.swift in Sources */ = {isa = PBXBuildFile; fileRef = 72A8BC232C29C3F600E0D7B2 /* AutoService.swift */; };
		72A8BC262C29C7EB00E0D7B2 /* ServiceEntryForm.swift in Sources */ = {isa = PBXBuildFile; fileRef = 72A8BC252C29C7EB00E0D7B2 /* ServiceEntryForm.swift */; };
		72B4D2E92C3D8B2800B9F2AD /* AppDataModel.xcdatamodeld in Sources */ = {isa = PBXBuildFile; fileRef = 72B4D2E72C3D8B2800B9F2AD /* AppDataModel.xcdatamodeld */; };
		72B4D2EB2C3D8CE700B9F2AD /* CoreDataStack.swift in Sources */ = {isa = PBXBuildFile; fileRef = 72B4D2EA2C3D8CE700B9F2AD /* CoreDataStack.swift */; };
		72BF3DCB2C5152BB005395B4 /* FormButton.swift in Sources */ = {isa = PBXBuildFile; fileRef = 72BF3DCA2C5152BB005395B4 /* FormButton.swift */; };
		72BF3DCD2C5153A9005395B4 /* AddCarImage.swift in Sources */ = {isa = PBXBuildFile; fileRef = 72BF3DCC2C5153A9005395B4 /* AddCarImage.swift */; };
		72BF3DCF2C5157CD005395B4 /* CustomListView.swift in Sources */ = {isa = PBXBuildFile; fileRef = 72BF3DCE2C5157CD005395B4 /* CustomListView.swift */; };
		72C226252C2C6C4700E51D9E /* Vehicle.swift in Sources */ = {isa = PBXBuildFile; fileRef = 72C226242C2C6C4700E51D9E /* Vehicle.swift */; };
		72C226272C2C6D8600E51D9E /* Settings.swift in Sources */ = {isa = PBXBuildFile; fileRef = 72C226262C2C6D8600E51D9E /* Settings.swift */; };
		72C3D8A52A990C1D0073CCC5 /* SearchFieldView.swift in Sources */ = {isa = PBXBuildFile; fileRef = 72C3D8A42A990C1D0073CCC5 /* SearchFieldView.swift */; };
		72C3D8A72A9911FC0073CCC5 /* Enums.swift in Sources */ = {isa = PBXBuildFile; fileRef = 72C3D8A62A9911FC0073CCC5 /* Enums.swift */; };
		72D189C72C45805900AAC514 /* InitialSettingsView.swift in Sources */ = {isa = PBXBuildFile; fileRef = 72D189C62C45805900AAC514 /* InitialSettingsView.swift */; };
		72EDE4142B2631D800578B8A /* DirectionHeaderView.swift in Sources */ = {isa = PBXBuildFile; fileRef = 72EDE4132B2631D800578B8A /* DirectionHeaderView.swift */; };
		72EDE4162B26334E00578B8A /* ExpandViewSymbol.swift in Sources */ = {isa = PBXBuildFile; fileRef = 72EDE4152B26334E00578B8A /* ExpandViewSymbol.swift */; };
		72EDE4192B26372D00578B8A /* MapInteractionsView.swift in Sources */ = {isa = PBXBuildFile; fileRef = 72EDE4182B26372D00578B8A /* MapInteractionsView.swift */; };
		72EDE41B2B26408A00578B8A /* ExpandedDirectionsView.swift in Sources */ = {isa = PBXBuildFile; fileRef = 72EDE41A2B26408A00578B8A /* ExpandedDirectionsView.swift */; };
		72EDE41D2B26457A00578B8A /* MapSwiftUIAPI.swift in Sources */ = {isa = PBXBuildFile; fileRef = 72EDE41C2B26457A00578B8A /* MapSwiftUIAPI.swift */; };
/* End PBXBuildFile section */

/* Begin PBXContainerItemProxy section */
		726754302A7C004300CE6F46 /* PBXContainerItemProxy */ = {
			isa = PBXContainerItemProxy;
			containerPortal = 726754172A7C004000CE6F46 /* Project object */;
			proxyType = 1;
			remoteGlobalIDString = 7267541E2A7C004000CE6F46;
			remoteInfo = Map;
		};
		7267543A2A7C004300CE6F46 /* PBXContainerItemProxy */ = {
			isa = PBXContainerItemProxy;
			containerPortal = 726754172A7C004000CE6F46 /* Project object */;
			proxyType = 1;
			remoteGlobalIDString = 7267541E2A7C004000CE6F46;
			remoteInfo = Map;
		};
/* End PBXContainerItemProxy section */

/* Begin PBXFileReference section */
		72053A862A951D5000B1D3FC /* AddressListView.swift */ = {isa = PBXFileReference; lastKnownFileType = sourcecode.swift; path = AddressListView.swift; sourceTree = "<group>"; };
		7218C7842C04D95A00986B0B /* ExpandDirectionsViewSymbol.swift */ = {isa = PBXFileReference; lastKnownFileType = sourcecode.swift; path = ExpandDirectionsViewSymbol.swift; sourceTree = "<group>"; };
		721C11812C3495DB00272F31 /* AddVehicleForm.swift */ = {isa = PBXFileReference; lastKnownFileType = sourcecode.swift; path = AddVehicleForm.swift; sourceTree = "<group>"; };
		721E4BA22C569E9200C3C769 /* UpdateServiceEntry.swift */ = {isa = PBXFileReference; lastKnownFileType = sourcecode.swift; path = UpdateServiceEntry.swift; sourceTree = "<group>"; };
		721E4BA42C569EED00C3C769 /* UpdateFuelEntry.swift */ = {isa = PBXFileReference; lastKnownFileType = sourcecode.swift; path = UpdateFuelEntry.swift; sourceTree = "<group>"; };
		7222C2272C1C98F30029E26F /* InteractionFooterView.swift */ = {isa = PBXFileReference; lastKnownFileType = sourcecode.swift; path = InteractionFooterView.swift; sourceTree = "<group>"; };
		7222C2292C1C9D040029E26F /* AddressView.swift */ = {isa = PBXFileReference; lastKnownFileType = sourcecode.swift; path = AddressView.swift; sourceTree = "<group>"; };
		7223439B2A8FD61E00DC7120 /* MapViewButton.swift */ = {isa = PBXFileReference; lastKnownFileType = sourcecode.swift; path = MapViewButton.swift; sourceTree = "<group>"; };
		7223439D2A8FD6ED00DC7120 /* MapProgressView.swift */ = {isa = PBXFileReference; lastKnownFileType = sourcecode.swift; path = MapProgressView.swift; sourceTree = "<group>"; };
		722695322C41849E007B200B /* Settings+CoreDataClass.swift */ = {isa = PBXFileReference; lastKnownFileType = sourcecode.swift; path = "Settings+CoreDataClass.swift"; sourceTree = "<group>"; };
		722695332C41849E007B200B /* Settings+CoreDataProperties.swift */ = {isa = PBXFileReference; lastKnownFileType = sourcecode.swift; path = "Settings+CoreDataProperties.swift"; sourceTree = "<group>"; };
		722695342C41849E007B200B /* AutoFuelling+CoreDataClass.swift */ = {isa = PBXFileReference; lastKnownFileType = sourcecode.swift; path = "AutoFuelling+CoreDataClass.swift"; sourceTree = "<group>"; };
		722695352C41849E007B200B /* AutoFuelling+CoreDataProperties.swift */ = {isa = PBXFileReference; lastKnownFileType = sourcecode.swift; path = "AutoFuelling+CoreDataProperties.swift"; sourceTree = "<group>"; };
		722695362C41849E007B200B /* Vehicle+CoreDataClass.swift */ = {isa = PBXFileReference; lastKnownFileType = sourcecode.swift; path = "Vehicle+CoreDataClass.swift"; sourceTree = "<group>"; };
		722695372C41849E007B200B /* Vehicle+CoreDataProperties.swift */ = {isa = PBXFileReference; lastKnownFileType = sourcecode.swift; path = "Vehicle+CoreDataProperties.swift"; sourceTree = "<group>"; };
		722695382C41849E007B200B /* AutoService+CoreDataClass.swift */ = {isa = PBXFileReference; lastKnownFileType = sourcecode.swift; path = "AutoService+CoreDataClass.swift"; sourceTree = "<group>"; };
		722695392C41849E007B200B /* AutoService+CoreDataProperties.swift */ = {isa = PBXFileReference; lastKnownFileType = sourcecode.swift; path = "AutoService+CoreDataProperties.swift"; sourceTree = "<group>"; };
		722DABAD2BADF267004447FE /* RouteData.swift */ = {isa = PBXFileReference; lastKnownFileType = sourcecode.swift; path = RouteData.swift; sourceTree = "<group>"; };
		7246B2122C27284A00086BFB /* FuellingEntryForm.swift */ = {isa = PBXFileReference; lastKnownFileType = sourcecode.swift; path = FuellingEntryForm.swift; sourceTree = "<group>"; };
		7246B2142C272E1B00086BFB /* FuelData.swift */ = {isa = PBXFileReference; lastKnownFileType = sourcecode.swift; path = FuelData.swift; sourceTree = "<group>"; };
		725110712C25CCA900822837 /* DashGridItemView.swift */ = {isa = PBXFileReference; lastKnownFileType = sourcecode.swift; path = DashGridItemView.swift; sourceTree = "<group>"; };
		725181C92C19F32E00757DD7 /* DirectionsView.swift */ = {isa = PBXFileReference; lastKnownFileType = sourcecode.swift; path = DirectionsView.swift; sourceTree = "<group>"; };
		725BEFC82C152D0E00EA3C37 /* NearbyLocationsListView.swift */ = {isa = PBXFileReference; lastKnownFileType = sourcecode.swift; path = NearbyLocationsListView.swift; sourceTree = "<group>"; };
		725EF4DF2A91089B000FB0E1 /* MapUIViewAPI.swift */ = {isa = PBXFileReference; lastKnownFileType = sourcecode.swift; path = MapUIViewAPI.swift; sourceTree = "<group>"; };
		72608A672C14B22E00925696 /* RouteETAStackView.swift */ = {isa = PBXFileReference; lastKnownFileType = sourcecode.swift; path = RouteETAStackView.swift; sourceTree = "<group>"; };
		7267541F2A7C004000CE6F46 /* Map.app */ = {isa = PBXFileReference; explicitFileType = wrapper.application; includeInIndex = 0; path = Map.app; sourceTree = BUILT_PRODUCTS_DIR; };
		726754222A7C004000CE6F46 /* MapApp.swift */ = {isa = PBXFileReference; lastKnownFileType = sourcecode.swift; path = MapApp.swift; sourceTree = "<group>"; };
		726754242A7C004000CE6F46 /* ContentView.swift */ = {isa = PBXFileReference; lastKnownFileType = sourcecode.swift; path = ContentView.swift; sourceTree = "<group>"; };
		726754262A7C004200CE6F46 /* Assets.xcassets */ = {isa = PBXFileReference; lastKnownFileType = folder.assetcatalog; path = Assets.xcassets; sourceTree = "<group>"; };
		726754292A7C004200CE6F46 /* Preview Assets.xcassets */ = {isa = PBXFileReference; lastKnownFileType = folder.assetcatalog; path = "Preview Assets.xcassets"; sourceTree = "<group>"; };
		7267542F2A7C004300CE6F46 /* MapTests.xctest */ = {isa = PBXFileReference; explicitFileType = wrapper.cfbundle; includeInIndex = 0; path = MapTests.xctest; sourceTree = BUILT_PRODUCTS_DIR; };
		726754332A7C004300CE6F46 /* MapTests.swift */ = {isa = PBXFileReference; lastKnownFileType = sourcecode.swift; path = MapTests.swift; sourceTree = "<group>"; };
		726754392A7C004300CE6F46 /* MapUITests.xctest */ = {isa = PBXFileReference; explicitFileType = wrapper.cfbundle; includeInIndex = 0; path = MapUITests.xctest; sourceTree = BUILT_PRODUCTS_DIR; };
		7267543D2A7C004300CE6F46 /* MapUITests.swift */ = {isa = PBXFileReference; lastKnownFileType = sourcecode.swift; path = MapUITests.swift; sourceTree = "<group>"; };
		7267543F2A7C004300CE6F46 /* MapUITestsLaunchTests.swift */ = {isa = PBXFileReference; lastKnownFileType = sourcecode.swift; path = MapUITestsLaunchTests.swift; sourceTree = "<group>"; };
		7267544D2A7C051500CE6F46 /* MapUIView.swift */ = {isa = PBXFileReference; lastKnownFileType = sourcecode.swift; path = MapUIView.swift; sourceTree = "<group>"; };
		7267544F2A7C077500CE6F46 /* MapSwiftUI.swift */ = {isa = PBXFileReference; lastKnownFileType = sourcecode.swift; path = MapSwiftUI.swift; sourceTree = "<group>"; };
		726A77D92B486ABE0095B047 /* NavigationButton.swift */ = {isa = PBXFileReference; lastKnownFileType = sourcecode.swift; path = NavigationButton.swift; sourceTree = "<group>"; };
		7271514C2A7D53B200B20767 /* LocationManager.swift */ = {isa = PBXFileReference; lastKnownFileType = sourcecode.swift; path = LocationManager.swift; sourceTree = "<group>"; };
		7274A4E42C8B559B00C929CC /* NetworkAlertView.swift */ = {isa = PBXFileReference; lastKnownFileType = sourcecode.swift; path = NetworkAlertView.swift; sourceTree = "<group>"; };
		7274A4E62C8B566F00C929CC /* SearchProgressView.swift */ = {isa = PBXFileReference; lastKnownFileType = sourcecode.swift; path = SearchProgressView.swift; sourceTree = "<group>"; };
		7279962F2C1F3E4D00F323B4 /* AutoStatsView.swift */ = {isa = PBXFileReference; lastKnownFileType = sourcecode.swift; path = AutoStatsView.swift; sourceTree = "<group>"; };
		727996322C1F3EDE00F323B4 /* SettingsView.swift */ = {isa = PBXFileReference; lastKnownFileType = sourcecode.swift; path = SettingsView.swift; sourceTree = "<group>"; };
		727F5E062B34C748000ECCB7 /* LocalSearch.swift */ = {isa = PBXFileReference; lastKnownFileType = sourcecode.swift; name = LocalSearch.swift; path = ../MapView/LocalSearch.swift; sourceTree = "<group>"; };
		727F5E082B34C7C8000ECCB7 /* AddressResult.swift */ = {isa = PBXFileReference; lastKnownFileType = sourcecode.swift; path = AddressResult.swift; sourceTree = "<group>"; };
		728181FC2C52A6F400D8F3AA /* VehicleListItem.swift */ = {isa = PBXFileReference; lastKnownFileType = sourcecode.swift; path = VehicleListItem.swift; sourceTree = "<group>"; };
		728237562C14AA7900F91AD8 /* NavigationRoutesListView.swift */ = {isa = PBXFileReference; lastKnownFileType = sourcecode.swift; path = NavigationRoutesListView.swift; sourceTree = "<group>"; };
		7286A1462C24804700333A4F /* NewEntryStackView.swift */ = {isa = PBXFileReference; lastKnownFileType = sourcecode.swift; path = NewEntryStackView.swift; sourceTree = "<group>"; };
		7286A1482C24813400333A4F /* FuelHistoryView.swift */ = {isa = PBXFileReference; lastKnownFileType = sourcecode.swift; path = FuelHistoryView.swift; sourceTree = "<group>"; };
		7286A14A2C24948100333A4F /* ServiceHistoryView.swift */ = {isa = PBXFileReference; lastKnownFileType = sourcecode.swift; path = ServiceHistoryView.swift; sourceTree = "<group>"; };
		728A7CA52B90F282003AA218 /* GreetingsView.swift */ = {isa = PBXFileReference; lastKnownFileType = sourcecode.swift; path = GreetingsView.swift; sourceTree = "<group>"; };
		72928F9A2C481548007ED736 /* GarageView.swift */ = {isa = PBXFileReference; lastKnownFileType = sourcecode.swift; path = GarageView.swift; sourceTree = "<group>"; };
		72928F9C2C481763007ED736 /* UpdateVehicleView.swift */ = {isa = PBXFileReference; lastKnownFileType = sourcecode.swift; path = UpdateVehicleView.swift; sourceTree = "<group>"; };
		72A6D14E2BD01B8000A33A0A /* PolylinePoint.swift */ = {isa = PBXFileReference; lastKnownFileType = sourcecode.swift; path = PolylinePoint.swift; sourceTree = "<group>"; };
		72A8BC232C29C3F600E0D7B2 /* AutoService.swift */ = {isa = PBXFileReference; lastKnownFileType = sourcecode.swift; path = AutoService.swift; sourceTree = "<group>"; };
		72A8BC252C29C7EB00E0D7B2 /* ServiceEntryForm.swift */ = {isa = PBXFileReference; lastKnownFileType = sourcecode.swift; path = ServiceEntryForm.swift; sourceTree = "<group>"; };
		72B4D2E82C3D8B2800B9F2AD /* AppDataModel.xcdatamodel */ = {isa = PBXFileReference; lastKnownFileType = wrapper.xcdatamodel; path = AppDataModel.xcdatamodel; sourceTree = "<group>"; };
		72B4D2EA2C3D8CE700B9F2AD /* CoreDataStack.swift */ = {isa = PBXFileReference; lastKnownFileType = sourcecode.swift; path = CoreDataStack.swift; sourceTree = "<group>"; };
		72BF3DCA2C5152BB005395B4 /* FormButton.swift */ = {isa = PBXFileReference; lastKnownFileType = sourcecode.swift; path = FormButton.swift; sourceTree = "<group>"; };
		72BF3DCC2C5153A9005395B4 /* AddCarImage.swift */ = {isa = PBXFileReference; lastKnownFileType = sourcecode.swift; path = AddCarImage.swift; sourceTree = "<group>"; };
		72BF3DCE2C5157CD005395B4 /* CustomListView.swift */ = {isa = PBXFileReference; lastKnownFileType = sourcecode.swift; path = CustomListView.swift; sourceTree = "<group>"; };
		72C226242C2C6C4700E51D9E /* Vehicle.swift */ = {isa = PBXFileReference; lastKnownFileType = sourcecode.swift; path = Vehicle.swift; sourceTree = "<group>"; };
		72C226262C2C6D8600E51D9E /* Settings.swift */ = {isa = PBXFileReference; lastKnownFileType = sourcecode.swift; path = Settings.swift; sourceTree = "<group>"; };
		72C3D8A42A990C1D0073CCC5 /* SearchFieldView.swift */ = {isa = PBXFileReference; lastKnownFileType = sourcecode.swift; path = SearchFieldView.swift; sourceTree = "<group>"; };
		72C3D8A62A9911FC0073CCC5 /* Enums.swift */ = {isa = PBXFileReference; lastKnownFileType = sourcecode.swift; path = Enums.swift; sourceTree = "<group>"; };
		72D189C62C45805900AAC514 /* InitialSettingsView.swift */ = {isa = PBXFileReference; lastKnownFileType = sourcecode.swift; path = InitialSettingsView.swift; sourceTree = "<group>"; };
		72D68E2E2B1199DF00756253 /* Info.plist */ = {isa = PBXFileReference; lastKnownFileType = text.plist.xml; path = Info.plist; sourceTree = "<group>"; };
		72EDE4132B2631D800578B8A /* DirectionHeaderView.swift */ = {isa = PBXFileReference; lastKnownFileType = sourcecode.swift; path = DirectionHeaderView.swift; sourceTree = "<group>"; };
		72EDE4152B26334E00578B8A /* ExpandViewSymbol.swift */ = {isa = PBXFileReference; lastKnownFileType = sourcecode.swift; path = ExpandViewSymbol.swift; sourceTree = "<group>"; };
		72EDE4182B26372D00578B8A /* MapInteractionsView.swift */ = {isa = PBXFileReference; lastKnownFileType = sourcecode.swift; path = MapInteractionsView.swift; sourceTree = "<group>"; };
		72EDE41A2B26408A00578B8A /* ExpandedDirectionsView.swift */ = {isa = PBXFileReference; lastKnownFileType = sourcecode.swift; path = ExpandedDirectionsView.swift; sourceTree = "<group>"; };
		72EDE41C2B26457A00578B8A /* MapSwiftUIAPI.swift */ = {isa = PBXFileReference; lastKnownFileType = sourcecode.swift; path = MapSwiftUIAPI.swift; sourceTree = "<group>"; };
/* End PBXFileReference section */

/* Begin PBXFrameworksBuildPhase section */
		7267541C2A7C004000CE6F46 /* Frameworks */ = {
			isa = PBXFrameworksBuildPhase;
			buildActionMask = 2147483647;
			files = (
			);
			runOnlyForDeploymentPostprocessing = 0;
		};
		7267542C2A7C004300CE6F46 /* Frameworks */ = {
			isa = PBXFrameworksBuildPhase;
			buildActionMask = 2147483647;
			files = (
			);
			runOnlyForDeploymentPostprocessing = 0;
		};
		726754362A7C004300CE6F46 /* Frameworks */ = {
			isa = PBXFrameworksBuildPhase;
			buildActionMask = 2147483647;
			files = (
			);
			runOnlyForDeploymentPostprocessing = 0;
		};
/* End PBXFrameworksBuildPhase section */

/* Begin PBXGroup section */
		72053A832A95107500B1D3FC /* Models */ = {
			isa = PBXGroup;
			children = (
				7271514C2A7D53B200B20767 /* LocationManager.swift */,
				727F5E062B34C748000ECCB7 /* LocalSearch.swift */,
				727F5E082B34C7C8000ECCB7 /* AddressResult.swift */,
				72C3D8A62A9911FC0073CCC5 /* Enums.swift */,
				722DABAD2BADF267004447FE /* RouteData.swift */,
				72A6D14E2BD01B8000A33A0A /* PolylinePoint.swift */,
				7246B2142C272E1B00086BFB /* FuelData.swift */,
				72A8BC232C29C3F600E0D7B2 /* AutoService.swift */,
				72C226242C2C6C4700E51D9E /* Vehicle.swift */,
				72C226262C2C6D8600E51D9E /* Settings.swift */,
				72B4D2EA2C3D8CE700B9F2AD /* CoreDataStack.swift */,
			);
			path = Models;
			sourceTree = "<group>";
		};
		7222C2262C1C98740029E26F /* MapInteractionsView */ = {
			isa = PBXGroup;
			children = (
				72EDE4182B26372D00578B8A /* MapInteractionsView.swift */,
				7222C2272C1C98F30029E26F /* InteractionFooterView.swift */,
				728237562C14AA7900F91AD8 /* NavigationRoutesListView.swift */,
				72608A672C14B22E00925696 /* RouteETAStackView.swift */,
				725BEFC82C152D0E00EA3C37 /* NearbyLocationsListView.swift */,
				7222C2292C1C9D040029E26F /* AddressView.swift */,
			);
			path = MapInteractionsView;
			sourceTree = "<group>";
		};
		7223439A2A8FD57500DC7120 /* CustomViews */ = {
			isa = PBXGroup;
			children = (
				72FDDCE62C1DE8EF001D555E /* LocalSearchView */,
				7222C2262C1C98740029E26F /* MapInteractionsView */,
				725181C82C19F23A00757DD7 /* Buttons */,
				725181C72C19F1FC00757DD7 /* DirectionsView */,
				7223439D2A8FD6ED00DC7120 /* MapProgressView.swift */,
				72EDE4152B26334E00578B8A /* ExpandViewSymbol.swift */,
				728A7CA52B90F282003AA218 /* GreetingsView.swift */,
				72BF3DCC2C5153A9005395B4 /* AddCarImage.swift */,
				72BF3DCE2C5157CD005395B4 /* CustomListView.swift */,
				728181FC2C52A6F400D8F3AA /* VehicleListItem.swift */,
				7274A4E42C8B559B00C929CC /* NetworkAlertView.swift */,
				7274A4E62C8B566F00C929CC /* SearchProgressView.swift */,
			);
			path = CustomViews;
			sourceTree = "<group>";
		};
		725181C72C19F1FC00757DD7 /* DirectionsView */ = {
			isa = PBXGroup;
			children = (
				725181C92C19F32E00757DD7 /* DirectionsView.swift */,
				72EDE4132B2631D800578B8A /* DirectionHeaderView.swift */,
				7218C7842C04D95A00986B0B /* ExpandDirectionsViewSymbol.swift */,
				72EDE41A2B26408A00578B8A /* ExpandedDirectionsView.swift */,
			);
			path = DirectionsView;
			sourceTree = "<group>";
		};
		725181C82C19F23A00757DD7 /* Buttons */ = {
			isa = PBXGroup;
			children = (
				726A77D92B486ABE0095B047 /* NavigationButton.swift */,
				7223439B2A8FD61E00DC7120 /* MapViewButton.swift */,
				72BF3DCA2C5152BB005395B4 /* FormButton.swift */,
			);
			path = Buttons;
			sourceTree = "<group>";
		};
		726754162A7C004000CE6F46 = {
			isa = PBXGroup;
			children = (
				722695322C41849E007B200B /* Settings+CoreDataClass.swift */,
				722695332C41849E007B200B /* Settings+CoreDataProperties.swift */,
				722695342C41849E007B200B /* AutoFuelling+CoreDataClass.swift */,
				722695352C41849E007B200B /* AutoFuelling+CoreDataProperties.swift */,
				722695362C41849E007B200B /* Vehicle+CoreDataClass.swift */,
				722695372C41849E007B200B /* Vehicle+CoreDataProperties.swift */,
				722695382C41849E007B200B /* AutoService+CoreDataClass.swift */,
				722695392C41849E007B200B /* AutoService+CoreDataProperties.swift */,
				726754212A7C004000CE6F46 /* Map */,
				726754322A7C004300CE6F46 /* MapTests */,
				7267543C2A7C004300CE6F46 /* MapUITests */,
				726754202A7C004000CE6F46 /* Products */,
			);
			sourceTree = "<group>";
		};
		726754202A7C004000CE6F46 /* Products */ = {
			isa = PBXGroup;
			children = (
				7267541F2A7C004000CE6F46 /* Map.app */,
				7267542F2A7C004300CE6F46 /* MapTests.xctest */,
				726754392A7C004300CE6F46 /* MapUITests.xctest */,
			);
			name = Products;
			sourceTree = "<group>";
		};
		726754212A7C004000CE6F46 /* Map */ = {
			isa = PBXGroup;
			children = (
				727996312C1F3EC100F323B4 /* SettingsView */,
				7279962E2C1F3E2400F323B4 /* AutoStatsView */,
				72C5E9A32B36072600B8C0E4 /* APIs */,
				72053A832A95107500B1D3FC /* Models */,
				7223439A2A8FD57500DC7120 /* CustomViews */,
				7267544C2A7C04E300CE6F46 /* MapView */,
				726754222A7C004000CE6F46 /* MapApp.swift */,
				726754242A7C004000CE6F46 /* ContentView.swift */,
				726754262A7C004200CE6F46 /* Assets.xcassets */,
				72D68E2E2B1199DF00756253 /* Info.plist */,
				726754282A7C004200CE6F46 /* Preview Content */,
				72B4D2E72C3D8B2800B9F2AD /* AppDataModel.xcdatamodeld */,
			);
			path = Map;
			sourceTree = "<group>";
		};
		726754282A7C004200CE6F46 /* Preview Content */ = {
			isa = PBXGroup;
			children = (
				726754292A7C004200CE6F46 /* Preview Assets.xcassets */,
			);
			path = "Preview Content";
			sourceTree = "<group>";
		};
		726754322A7C004300CE6F46 /* MapTests */ = {
			isa = PBXGroup;
			children = (
				726754332A7C004300CE6F46 /* MapTests.swift */,
			);
			path = MapTests;
			sourceTree = "<group>";
		};
		7267543C2A7C004300CE6F46 /* MapUITests */ = {
			isa = PBXGroup;
			children = (
				7267543D2A7C004300CE6F46 /* MapUITests.swift */,
				7267543F2A7C004300CE6F46 /* MapUITestsLaunchTests.swift */,
			);
			path = MapUITests;
			sourceTree = "<group>";
		};
		7267544C2A7C04E300CE6F46 /* MapView */ = {
			isa = PBXGroup;
			children = (
				7267544D2A7C051500CE6F46 /* MapUIView.swift */,
				7267544F2A7C077500CE6F46 /* MapSwiftUI.swift */,
			);
			path = MapView;
			sourceTree = "<group>";
		};
		7279962E2C1F3E2400F323B4 /* AutoStatsView */ = {
			isa = PBXGroup;
			children = (
				7279962F2C1F3E4D00F323B4 /* AutoStatsView.swift */,
				7286A1462C24804700333A4F /* NewEntryStackView.swift */,
				7286A1482C24813400333A4F /* FuelHistoryView.swift */,
				7286A14A2C24948100333A4F /* ServiceHistoryView.swift */,
				725110712C25CCA900822837 /* DashGridItemView.swift */,
				7246B2122C27284A00086BFB /* FuellingEntryForm.swift */,
				72A8BC252C29C7EB00E0D7B2 /* ServiceEntryForm.swift */,
				721E4BA22C569E9200C3C769 /* UpdateServiceEntry.swift */,
				721E4BA42C569EED00C3C769 /* UpdateFuelEntry.swift */,
			);
			path = AutoStatsView;
			sourceTree = "<group>";
		};
		727996312C1F3EC100F323B4 /* SettingsView */ = {
			isa = PBXGroup;
			children = (
				727996322C1F3EDE00F323B4 /* SettingsView.swift */,
				721C11812C3495DB00272F31 /* AddVehicleForm.swift */,
				72D189C62C45805900AAC514 /* InitialSettingsView.swift */,
				72928F9A2C481548007ED736 /* GarageView.swift */,
				72928F9C2C481763007ED736 /* UpdateVehicleView.swift */,
			);
			path = SettingsView;
			sourceTree = "<group>";
		};
		72C5E9A32B36072600B8C0E4 /* APIs */ = {
			isa = PBXGroup;
			children = (
				725EF4DF2A91089B000FB0E1 /* MapUIViewAPI.swift */,
				72EDE41C2B26457A00578B8A /* MapSwiftUIAPI.swift */,
			);
			path = APIs;
			sourceTree = "<group>";
		};
		72FDDCE62C1DE8EF001D555E /* LocalSearchView */ = {
			isa = PBXGroup;
			children = (
				72053A862A951D5000B1D3FC /* AddressListView.swift */,
				72C3D8A42A990C1D0073CCC5 /* SearchFieldView.swift */,
			);
			path = LocalSearchView;
			sourceTree = "<group>";
		};
/* End PBXGroup section */

/* Begin PBXNativeTarget section */
		7267541E2A7C004000CE6F46 /* Map */ = {
			isa = PBXNativeTarget;
			buildConfigurationList = 726754432A7C004300CE6F46 /* Build configuration list for PBXNativeTarget "Map" */;
			buildPhases = (
				7267541B2A7C004000CE6F46 /* Sources */,
				7267541C2A7C004000CE6F46 /* Frameworks */,
				7267541D2A7C004000CE6F46 /* Resources */,
			);
			buildRules = (
			);
			dependencies = (
			);
			name = Map;
			productName = Map;
			productReference = 7267541F2A7C004000CE6F46 /* Map.app */;
			productType = "com.apple.product-type.application";
		};
		7267542E2A7C004300CE6F46 /* MapTests */ = {
			isa = PBXNativeTarget;
			buildConfigurationList = 726754462A7C004300CE6F46 /* Build configuration list for PBXNativeTarget "MapTests" */;
			buildPhases = (
				7267542B2A7C004300CE6F46 /* Sources */,
				7267542C2A7C004300CE6F46 /* Frameworks */,
				7267542D2A7C004300CE6F46 /* Resources */,
			);
			buildRules = (
			);
			dependencies = (
				726754312A7C004300CE6F46 /* PBXTargetDependency */,
			);
			name = MapTests;
			productName = MapTests;
			productReference = 7267542F2A7C004300CE6F46 /* MapTests.xctest */;
			productType = "com.apple.product-type.bundle.unit-test";
		};
		726754382A7C004300CE6F46 /* MapUITests */ = {
			isa = PBXNativeTarget;
			buildConfigurationList = 726754492A7C004300CE6F46 /* Build configuration list for PBXNativeTarget "MapUITests" */;
			buildPhases = (
				726754352A7C004300CE6F46 /* Sources */,
				726754362A7C004300CE6F46 /* Frameworks */,
				726754372A7C004300CE6F46 /* Resources */,
			);
			buildRules = (
			);
			dependencies = (
				7267543B2A7C004300CE6F46 /* PBXTargetDependency */,
			);
			name = MapUITests;
			productName = MapUITests;
			productReference = 726754392A7C004300CE6F46 /* MapUITests.xctest */;
			productType = "com.apple.product-type.bundle.ui-testing";
		};
/* End PBXNativeTarget section */

/* Begin PBXProject section */
		726754172A7C004000CE6F46 /* Project object */ = {
			isa = PBXProject;
			attributes = {
				BuildIndependentTargetsInParallel = 1;
				LastSwiftUpdateCheck = 1430;
				LastUpgradeCheck = 1520;
				TargetAttributes = {
					7267541E2A7C004000CE6F46 = {
						CreatedOnToolsVersion = 14.3.1;
					};
					7267542E2A7C004300CE6F46 = {
						CreatedOnToolsVersion = 14.3.1;
						TestTargetID = 7267541E2A7C004000CE6F46;
					};
					726754382A7C004300CE6F46 = {
						CreatedOnToolsVersion = 14.3.1;
						TestTargetID = 7267541E2A7C004000CE6F46;
					};
				};
			};
			buildConfigurationList = 7267541A2A7C004000CE6F46 /* Build configuration list for PBXProject "Map" */;
			compatibilityVersion = "Xcode 14.0";
			developmentRegion = en;
			hasScannedForEncodings = 0;
			knownRegions = (
				en,
				Base,
			);
			mainGroup = 726754162A7C004000CE6F46;
			productRefGroup = 726754202A7C004000CE6F46 /* Products */;
			projectDirPath = "";
			projectRoot = "";
			targets = (
				7267541E2A7C004000CE6F46 /* Map */,
				7267542E2A7C004300CE6F46 /* MapTests */,
				726754382A7C004300CE6F46 /* MapUITests */,
			);
		};
/* End PBXProject section */

/* Begin PBXResourcesBuildPhase section */
		7267541D2A7C004000CE6F46 /* Resources */ = {
			isa = PBXResourcesBuildPhase;
			buildActionMask = 2147483647;
			files = (
				7267542A2A7C004200CE6F46 /* Preview Assets.xcassets in Resources */,
				726754272A7C004200CE6F46 /* Assets.xcassets in Resources */,
			);
			runOnlyForDeploymentPostprocessing = 0;
		};
		7267542D2A7C004300CE6F46 /* Resources */ = {
			isa = PBXResourcesBuildPhase;
			buildActionMask = 2147483647;
			files = (
			);
			runOnlyForDeploymentPostprocessing = 0;
		};
		726754372A7C004300CE6F46 /* Resources */ = {
			isa = PBXResourcesBuildPhase;
			buildActionMask = 2147483647;
			files = (
			);
			runOnlyForDeploymentPostprocessing = 0;
		};
/* End PBXResourcesBuildPhase section */

/* Begin PBXSourcesBuildPhase section */
		7267541B2A7C004000CE6F46 /* Sources */ = {
			isa = PBXSourcesBuildPhase;
			buildActionMask = 2147483647;
			files = (
				721C11822C3495DB00272F31 /* AddVehicleForm.swift in Sources */,
				721E4BA52C569EED00C3C769 /* UpdateFuelEntry.swift in Sources */,
				7223439E2A8FD6ED00DC7120 /* MapProgressView.swift in Sources */,
				726754252A7C004000CE6F46 /* ContentView.swift in Sources */,
				7274A4E52C8B559B00C929CC /* NetworkAlertView.swift in Sources */,
				72EDE4142B2631D800578B8A /* DirectionHeaderView.swift in Sources */,
				72A8BC262C29C7EB00E0D7B2 /* ServiceEntryForm.swift in Sources */,
				72A6D14F2BD01B8000A33A0A /* PolylinePoint.swift in Sources */,
				7286A1492C24813400333A4F /* FuelHistoryView.swift in Sources */,
				728181FD2C52A6F400D8F3AA /* VehicleListItem.swift in Sources */,
				72053A872A951D5000B1D3FC /* AddressListView.swift in Sources */,
				726754502A7C077500CE6F46 /* MapSwiftUI.swift in Sources */,
				72C226252C2C6C4700E51D9E /* Vehicle.swift in Sources */,
				7271514D2A7D53B200B20767 /* LocationManager.swift in Sources */,
				725181CA2C19F32E00757DD7 /* DirectionsView.swift in Sources */,
				7218C7852C04D95A00986B0B /* ExpandDirectionsViewSymbol.swift in Sources */,
				72608A682C14B22E00925696 /* RouteETAStackView.swift in Sources */,
				727F5E072B34C748000ECCB7 /* LocalSearch.swift in Sources */,
				72BF3DCF2C5157CD005395B4 /* CustomListView.swift in Sources */,
				72EDE4162B26334E00578B8A /* ExpandViewSymbol.swift in Sources */,
				7267544E2A7C051500CE6F46 /* MapUIView.swift in Sources */,
				725BEFC92C152D0E00EA3C37 /* NearbyLocationsListView.swift in Sources */,
				728237572C14AA7900F91AD8 /* NavigationRoutesListView.swift in Sources */,
				7222C22A2C1C9D040029E26F /* AddressView.swift in Sources */,
				72C226272C2C6D8600E51D9E /* Settings.swift in Sources */,
				7286A14B2C24948100333A4F /* ServiceHistoryView.swift in Sources */,
				72EDE4192B26372D00578B8A /* MapInteractionsView.swift in Sources */,
				721E4BA32C569E9200C3C769 /* UpdateServiceEntry.swift in Sources */,
				7223439C2A8FD61F00DC7120 /* MapViewButton.swift in Sources */,
				725EF4E02A91089B000FB0E1 /* MapUIViewAPI.swift in Sources */,
				72928F9B2C481548007ED736 /* GarageView.swift in Sources */,
				726A77DA2B486ABE0095B047 /* NavigationButton.swift in Sources */,
				72BF3DCD2C5153A9005395B4 /* AddCarImage.swift in Sources */,
				7246B2132C27284A00086BFB /* FuellingEntryForm.swift in Sources */,
				7274A4E72C8B566F00C929CC /* SearchProgressView.swift in Sources */,
				726754232A7C004000CE6F46 /* MapApp.swift in Sources */,
				7222C2282C1C98F30029E26F /* InteractionFooterView.swift in Sources */,
				722DABAE2BADF267004447FE /* RouteData.swift in Sources */,
				7246B2152C272E1B00086BFB /* FuelData.swift in Sources */,
				72D189C72C45805900AAC514 /* InitialSettingsView.swift in Sources */,
				727F5E092B34C7C8000ECCB7 /* AddressResult.swift in Sources */,
				725110722C25CCA900822837 /* DashGridItemView.swift in Sources */,
				72BF3DCB2C5152BB005395B4 /* FormButton.swift in Sources */,
				72B4D2E92C3D8B2800B9F2AD /* AppDataModel.xcdatamodeld in Sources */,
				72C3D8A72A9911FC0073CCC5 /* Enums.swift in Sources */,
				72C3D8A52A990C1D0073CCC5 /* SearchFieldView.swift in Sources */,
				72928F9D2C481763007ED736 /* UpdateVehicleView.swift in Sources */,
				727996302C1F3E4D00F323B4 /* AutoStatsView.swift in Sources */,
				728A7CA62B90F282003AA218 /* GreetingsView.swift in Sources */,
				72EDE41D2B26457A00578B8A /* MapSwiftUIAPI.swift in Sources */,
				72B4D2EB2C3D8CE700B9F2AD /* CoreDataStack.swift in Sources */,
				727996332C1F3EDE00F323B4 /* SettingsView.swift in Sources */,
				72EDE41B2B26408A00578B8A /* ExpandedDirectionsView.swift in Sources */,
				7226953A2C41849E007B200B /* Settings+CoreDataClass.swift in Sources */,
				7226953B2C41849E007B200B /* Settings+CoreDataProperties.swift in Sources */,
				7226953C2C41849E007B200B /* AutoFuelling+CoreDataClass.swift in Sources */,
				7226953D2C41849E007B200B /* AutoFuelling+CoreDataProperties.swift in Sources */,
				7226953E2C41849E007B200B /* Vehicle+CoreDataClass.swift in Sources */,
				7226953F2C41849E007B200B /* Vehicle+CoreDataProperties.swift in Sources */,
				722695402C41849E007B200B /* AutoService+CoreDataClass.swift in Sources */,
				722695412C41849E007B200B /* AutoService+CoreDataProperties.swift in Sources */,
				72A8BC242C29C3F600E0D7B2 /* AutoService.swift in Sources */,
				7286A1472C24804700333A4F /* NewEntryStackView.swift in Sources */,
			);
			runOnlyForDeploymentPostprocessing = 0;
		};
		7267542B2A7C004300CE6F46 /* Sources */ = {
			isa = PBXSourcesBuildPhase;
			buildActionMask = 2147483647;
			files = (
				726754342A7C004300CE6F46 /* MapTests.swift in Sources */,
			);
			runOnlyForDeploymentPostprocessing = 0;
		};
		726754352A7C004300CE6F46 /* Sources */ = {
			isa = PBXSourcesBuildPhase;
			buildActionMask = 2147483647;
			files = (
				7267543E2A7C004300CE6F46 /* MapUITests.swift in Sources */,
				726754402A7C004300CE6F46 /* MapUITestsLaunchTests.swift in Sources */,
			);
			runOnlyForDeploymentPostprocessing = 0;
		};
/* End PBXSourcesBuildPhase section */

/* Begin PBXTargetDependency section */
		726754312A7C004300CE6F46 /* PBXTargetDependency */ = {
			isa = PBXTargetDependency;
			target = 7267541E2A7C004000CE6F46 /* Map */;
			targetProxy = 726754302A7C004300CE6F46 /* PBXContainerItemProxy */;
		};
		7267543B2A7C004300CE6F46 /* PBXTargetDependency */ = {
			isa = PBXTargetDependency;
			target = 7267541E2A7C004000CE6F46 /* Map */;
			targetProxy = 7267543A2A7C004300CE6F46 /* PBXContainerItemProxy */;
		};
/* End PBXTargetDependency section */

/* Begin XCBuildConfiguration section */
		726754412A7C004300CE6F46 /* Debug */ = {
			isa = XCBuildConfiguration;
			buildSettings = {
				ALWAYS_SEARCH_USER_PATHS = NO;
				ASSETCATALOG_COMPILER_GENERATE_SWIFT_ASSET_SYMBOL_EXTENSIONS = YES;
				CLANG_ANALYZER_NONNULL = YES;
				CLANG_ANALYZER_NUMBER_OBJECT_CONVERSION = YES_AGGRESSIVE;
				CLANG_CXX_LANGUAGE_STANDARD = "gnu++20";
				CLANG_ENABLE_MODULES = YES;
				CLANG_ENABLE_OBJC_ARC = YES;
				CLANG_ENABLE_OBJC_WEAK = YES;
				CLANG_WARN_BLOCK_CAPTURE_AUTORELEASING = YES;
				CLANG_WARN_BOOL_CONVERSION = YES;
				CLANG_WARN_COMMA = YES;
				CLANG_WARN_CONSTANT_CONVERSION = YES;
				CLANG_WARN_DEPRECATED_OBJC_IMPLEMENTATIONS = YES;
				CLANG_WARN_DIRECT_OBJC_ISA_USAGE = YES_ERROR;
				CLANG_WARN_DOCUMENTATION_COMMENTS = YES;
				CLANG_WARN_EMPTY_BODY = YES;
				CLANG_WARN_ENUM_CONVERSION = YES;
				CLANG_WARN_INFINITE_RECURSION = YES;
				CLANG_WARN_INT_CONVERSION = YES;
				CLANG_WARN_NON_LITERAL_NULL_CONVERSION = YES;
				CLANG_WARN_OBJC_IMPLICIT_RETAIN_SELF = YES;
				CLANG_WARN_OBJC_LITERAL_CONVERSION = YES;
				CLANG_WARN_OBJC_ROOT_CLASS = YES_ERROR;
				CLANG_WARN_QUOTED_INCLUDE_IN_FRAMEWORK_HEADER = YES;
				CLANG_WARN_RANGE_LOOP_ANALYSIS = YES;
				CLANG_WARN_STRICT_PROTOTYPES = YES;
				CLANG_WARN_SUSPICIOUS_MOVE = YES;
				CLANG_WARN_UNGUARDED_AVAILABILITY = YES_AGGRESSIVE;
				CLANG_WARN_UNREACHABLE_CODE = YES;
				CLANG_WARN__DUPLICATE_METHOD_MATCH = YES;
				COPY_PHASE_STRIP = NO;
				DEBUG_INFORMATION_FORMAT = dwarf;
				ENABLE_STRICT_OBJC_MSGSEND = YES;
				ENABLE_TESTABILITY = YES;
				ENABLE_USER_SCRIPT_SANDBOXING = YES;
				GCC_C_LANGUAGE_STANDARD = gnu11;
				GCC_DYNAMIC_NO_PIC = NO;
				GCC_NO_COMMON_BLOCKS = YES;
				GCC_OPTIMIZATION_LEVEL = 0;
				GCC_PREPROCESSOR_DEFINITIONS = (
					"DEBUG=1",
					"$(inherited)",
				);
				GCC_WARN_64_TO_32_BIT_CONVERSION = YES;
				GCC_WARN_ABOUT_RETURN_TYPE = YES_ERROR;
				GCC_WARN_UNDECLARED_SELECTOR = YES;
				GCC_WARN_UNINITIALIZED_AUTOS = YES_AGGRESSIVE;
				GCC_WARN_UNUSED_FUNCTION = YES;
				GCC_WARN_UNUSED_VARIABLE = YES;
				IPHONEOS_DEPLOYMENT_TARGET = 17.0;
				MTL_ENABLE_DEBUG_INFO = INCLUDE_SOURCE;
				MTL_FAST_MATH = YES;
				ONLY_ACTIVE_ARCH = YES;
				SDKROOT = iphoneos;
				SWIFT_ACTIVE_COMPILATION_CONDITIONS = DEBUG;
				SWIFT_OPTIMIZATION_LEVEL = "-Onone";
			};
			name = Debug;
		};
		726754422A7C004300CE6F46 /* Release */ = {
			isa = XCBuildConfiguration;
			buildSettings = {
				ALWAYS_SEARCH_USER_PATHS = NO;
				ASSETCATALOG_COMPILER_GENERATE_SWIFT_ASSET_SYMBOL_EXTENSIONS = YES;
				CLANG_ANALYZER_NONNULL = YES;
				CLANG_ANALYZER_NUMBER_OBJECT_CONVERSION = YES_AGGRESSIVE;
				CLANG_CXX_LANGUAGE_STANDARD = "gnu++20";
				CLANG_ENABLE_MODULES = YES;
				CLANG_ENABLE_OBJC_ARC = YES;
				CLANG_ENABLE_OBJC_WEAK = YES;
				CLANG_WARN_BLOCK_CAPTURE_AUTORELEASING = YES;
				CLANG_WARN_BOOL_CONVERSION = YES;
				CLANG_WARN_COMMA = YES;
				CLANG_WARN_CONSTANT_CONVERSION = YES;
				CLANG_WARN_DEPRECATED_OBJC_IMPLEMENTATIONS = YES;
				CLANG_WARN_DIRECT_OBJC_ISA_USAGE = YES_ERROR;
				CLANG_WARN_DOCUMENTATION_COMMENTS = YES;
				CLANG_WARN_EMPTY_BODY = YES;
				CLANG_WARN_ENUM_CONVERSION = YES;
				CLANG_WARN_INFINITE_RECURSION = YES;
				CLANG_WARN_INT_CONVERSION = YES;
				CLANG_WARN_NON_LITERAL_NULL_CONVERSION = YES;
				CLANG_WARN_OBJC_IMPLICIT_RETAIN_SELF = YES;
				CLANG_WARN_OBJC_LITERAL_CONVERSION = YES;
				CLANG_WARN_OBJC_ROOT_CLASS = YES_ERROR;
				CLANG_WARN_QUOTED_INCLUDE_IN_FRAMEWORK_HEADER = YES;
				CLANG_WARN_RANGE_LOOP_ANALYSIS = YES;
				CLANG_WARN_STRICT_PROTOTYPES = YES;
				CLANG_WARN_SUSPICIOUS_MOVE = YES;
				CLANG_WARN_UNGUARDED_AVAILABILITY = YES_AGGRESSIVE;
				CLANG_WARN_UNREACHABLE_CODE = YES;
				CLANG_WARN__DUPLICATE_METHOD_MATCH = YES;
				COPY_PHASE_STRIP = NO;
				DEBUG_INFORMATION_FORMAT = "dwarf-with-dsym";
				ENABLE_NS_ASSERTIONS = NO;
				ENABLE_STRICT_OBJC_MSGSEND = YES;
				ENABLE_USER_SCRIPT_SANDBOXING = YES;
				GCC_C_LANGUAGE_STANDARD = gnu11;
				GCC_NO_COMMON_BLOCKS = YES;
				GCC_WARN_64_TO_32_BIT_CONVERSION = YES;
				GCC_WARN_ABOUT_RETURN_TYPE = YES_ERROR;
				GCC_WARN_UNDECLARED_SELECTOR = YES;
				GCC_WARN_UNINITIALIZED_AUTOS = YES_AGGRESSIVE;
				GCC_WARN_UNUSED_FUNCTION = YES;
				GCC_WARN_UNUSED_VARIABLE = YES;
				IPHONEOS_DEPLOYMENT_TARGET = 17.0;
				MTL_ENABLE_DEBUG_INFO = NO;
				MTL_FAST_MATH = YES;
				SDKROOT = iphoneos;
				SWIFT_COMPILATION_MODE = wholemodule;
				SWIFT_OPTIMIZATION_LEVEL = "-O";
				VALIDATE_PRODUCT = YES;
			};
			name = Release;
		};
		726754442A7C004300CE6F46 /* Debug */ = {
			isa = XCBuildConfiguration;
			buildSettings = {
				ASSETCATALOG_COMPILER_APPICON_NAME = AppIcon;
				ASSETCATALOG_COMPILER_GLOBAL_ACCENT_COLOR_NAME = AccentColor;
				CODE_SIGN_STYLE = Automatic;
				CURRENT_PROJECT_VERSION = 1;
				DEVELOPMENT_ASSET_PATHS = "\"Map/Preview Content\"";
				DEVELOPMENT_TEAM = S4G67KLBRN;
				ENABLE_PREVIEWS = YES;
				GENERATE_INFOPLIST_FILE = YES;
				INFOPLIST_FILE = Map/Info.plist;
				INFOPLIST_KEY_CFBundleDisplayName = AutoMate;
				INFOPLIST_KEY_LSApplicationCategoryType = "public.app-category.navigation";
				INFOPLIST_KEY_NSLocationWhenInUseUsageDescription = "Map wants to use your location while it is in use!";
				INFOPLIST_KEY_UIApplicationSceneManifest_Generation = YES;
				INFOPLIST_KEY_UIApplicationSupportsIndirectInputEvents = YES;
				INFOPLIST_KEY_UILaunchScreen_Generation = YES;
				INFOPLIST_KEY_UISupportedInterfaceOrientations = UIInterfaceOrientationPortrait;
				INFOPLIST_KEY_UISupportedInterfaceOrientations_iPad = "UIInterfaceOrientationLandscapeLeft UIInterfaceOrientationLandscapeRight UIInterfaceOrientationPortrait UIInterfaceOrientationPortraitUpsideDown";
				IPHONEOS_DEPLOYMENT_TARGET = 17.0;
				LD_RUNPATH_SEARCH_PATHS = (
					"$(inherited)",
					"@executable_path/Frameworks",
				);
				MARKETING_VERSION = 1.3.6;
				PRODUCT_BUNDLE_IDENTIFIER = com.SajPanchal.MyMap;
				PRODUCT_NAME = "$(TARGET_NAME)";
				SUPPORTED_PLATFORMS = "iphoneos iphonesimulator";
				SUPPORTS_MACCATALYST = NO;
				SUPPORTS_MAC_DESIGNED_FOR_IPHONE_IPAD = NO;
				SUPPORTS_XR_DESIGNED_FOR_IPHONE_IPAD = NO;
				SWIFT_EMIT_LOC_STRINGS = YES;
				SWIFT_VERSION = 5.0;
				TARGETED_DEVICE_FAMILY = 1;
			};
			name = Debug;
		};
		726754452A7C004300CE6F46 /* Release */ = {
			isa = XCBuildConfiguration;
			buildSettings = {
				ASSETCATALOG_COMPILER_APPICON_NAME = AppIcon;
				ASSETCATALOG_COMPILER_GLOBAL_ACCENT_COLOR_NAME = AccentColor;
				CODE_SIGN_STYLE = Automatic;
				CURRENT_PROJECT_VERSION = 1;
				DEVELOPMENT_ASSET_PATHS = "\"Map/Preview Content\"";
				DEVELOPMENT_TEAM = S4G67KLBRN;
				ENABLE_PREVIEWS = YES;
				GENERATE_INFOPLIST_FILE = YES;
				INFOPLIST_FILE = Map/Info.plist;
				INFOPLIST_KEY_CFBundleDisplayName = AutoMate;
				INFOPLIST_KEY_LSApplicationCategoryType = "public.app-category.navigation";
				INFOPLIST_KEY_NSLocationWhenInUseUsageDescription = "Map wants to use your location while it is in use!";
				INFOPLIST_KEY_UIApplicationSceneManifest_Generation = YES;
				INFOPLIST_KEY_UIApplicationSupportsIndirectInputEvents = YES;
				INFOPLIST_KEY_UILaunchScreen_Generation = YES;
				INFOPLIST_KEY_UISupportedInterfaceOrientations = UIInterfaceOrientationPortrait;
				INFOPLIST_KEY_UISupportedInterfaceOrientations_iPad = "UIInterfaceOrientationLandscapeLeft UIInterfaceOrientationLandscapeRight UIInterfaceOrientationPortrait UIInterfaceOrientationPortraitUpsideDown";
				IPHONEOS_DEPLOYMENT_TARGET = 17.0;
				LD_RUNPATH_SEARCH_PATHS = (
					"$(inherited)",
					"@executable_path/Frameworks",
				);
				MARKETING_VERSION = 1.3.6;
				PRODUCT_BUNDLE_IDENTIFIER = com.SajPanchal.MyMap;
				PRODUCT_NAME = "$(TARGET_NAME)";
				SUPPORTED_PLATFORMS = "iphoneos iphonesimulator";
				SUPPORTS_MACCATALYST = NO;
				SUPPORTS_MAC_DESIGNED_FOR_IPHONE_IPAD = NO;
				SUPPORTS_XR_DESIGNED_FOR_IPHONE_IPAD = NO;
				SWIFT_EMIT_LOC_STRINGS = YES;
				SWIFT_VERSION = 5.0;
				TARGETED_DEVICE_FAMILY = 1;
			};
			name = Release;
		};
		726754472A7C004300CE6F46 /* Debug */ = {
			isa = XCBuildConfiguration;
			buildSettings = {
				ALWAYS_EMBED_SWIFT_STANDARD_LIBRARIES = YES;
				BUNDLE_LOADER = "$(TEST_HOST)";
				CODE_SIGN_STYLE = Automatic;
				CURRENT_PROJECT_VERSION = 1;
				DEVELOPMENT_TEAM = S4G67KLBRN;
				GENERATE_INFOPLIST_FILE = YES;
				IPHONEOS_DEPLOYMENT_TARGET = 16.4;
				MARKETING_VERSION = 1.0;
				PRODUCT_BUNDLE_IDENTIFIER = com.SajPanchal.MapTests;
				PRODUCT_NAME = "$(TARGET_NAME)";
				SWIFT_EMIT_LOC_STRINGS = NO;
				SWIFT_VERSION = 5.0;
				TARGETED_DEVICE_FAMILY = "1,2";
				TEST_HOST = "$(BUILT_PRODUCTS_DIR)/Map.app/$(BUNDLE_EXECUTABLE_FOLDER_PATH)/Map";
			};
			name = Debug;
		};
		726754482A7C004300CE6F46 /* Release */ = {
			isa = XCBuildConfiguration;
			buildSettings = {
				ALWAYS_EMBED_SWIFT_STANDARD_LIBRARIES = YES;
				BUNDLE_LOADER = "$(TEST_HOST)";
				CODE_SIGN_STYLE = Automatic;
				CURRENT_PROJECT_VERSION = 1;
				DEVELOPMENT_TEAM = S4G67KLBRN;
				GENERATE_INFOPLIST_FILE = YES;
				IPHONEOS_DEPLOYMENT_TARGET = 16.4;
				MARKETING_VERSION = 1.0;
				PRODUCT_BUNDLE_IDENTIFIER = com.SajPanchal.MapTests;
				PRODUCT_NAME = "$(TARGET_NAME)";
				SWIFT_EMIT_LOC_STRINGS = NO;
				SWIFT_VERSION = 5.0;
				TARGETED_DEVICE_FAMILY = "1,2";
				TEST_HOST = "$(BUILT_PRODUCTS_DIR)/Map.app/$(BUNDLE_EXECUTABLE_FOLDER_PATH)/Map";
			};
			name = Release;
		};
		7267544A2A7C004300CE6F46 /* Debug */ = {
			isa = XCBuildConfiguration;
			buildSettings = {
				ALWAYS_EMBED_SWIFT_STANDARD_LIBRARIES = YES;
				CODE_SIGN_STYLE = Automatic;
				CURRENT_PROJECT_VERSION = 1;
				DEVELOPMENT_TEAM = S4G67KLBRN;
				GENERATE_INFOPLIST_FILE = YES;
				MARKETING_VERSION = 1.0;
				PRODUCT_BUNDLE_IDENTIFIER = com.SajPanchal.MapUITests;
				PRODUCT_NAME = "$(TARGET_NAME)";
				SWIFT_EMIT_LOC_STRINGS = NO;
				SWIFT_VERSION = 5.0;
				TARGETED_DEVICE_FAMILY = "1,2";
				TEST_TARGET_NAME = Map;
			};
			name = Debug;
		};
		7267544B2A7C004300CE6F46 /* Release */ = {
			isa = XCBuildConfiguration;
			buildSettings = {
				ALWAYS_EMBED_SWIFT_STANDARD_LIBRARIES = YES;
				CODE_SIGN_STYLE = Automatic;
				CURRENT_PROJECT_VERSION = 1;
				DEVELOPMENT_TEAM = S4G67KLBRN;
				GENERATE_INFOPLIST_FILE = YES;
				MARKETING_VERSION = 1.0;
				PRODUCT_BUNDLE_IDENTIFIER = com.SajPanchal.MapUITests;
				PRODUCT_NAME = "$(TARGET_NAME)";
				SWIFT_EMIT_LOC_STRINGS = NO;
				SWIFT_VERSION = 5.0;
				TARGETED_DEVICE_FAMILY = "1,2";
				TEST_TARGET_NAME = Map;
			};
			name = Release;
		};
/* End XCBuildConfiguration section */

/* Begin XCConfigurationList section */
		7267541A2A7C004000CE6F46 /* Build configuration list for PBXProject "Map" */ = {
			isa = XCConfigurationList;
			buildConfigurations = (
				726754412A7C004300CE6F46 /* Debug */,
				726754422A7C004300CE6F46 /* Release */,
			);
			defaultConfigurationIsVisible = 0;
			defaultConfigurationName = Release;
		};
		726754432A7C004300CE6F46 /* Build configuration list for PBXNativeTarget "Map" */ = {
			isa = XCConfigurationList;
			buildConfigurations = (
				726754442A7C004300CE6F46 /* Debug */,
				726754452A7C004300CE6F46 /* Release */,
			);
			defaultConfigurationIsVisible = 0;
			defaultConfigurationName = Release;
		};
		726754462A7C004300CE6F46 /* Build configuration list for PBXNativeTarget "MapTests" */ = {
			isa = XCConfigurationList;
			buildConfigurations = (
				726754472A7C004300CE6F46 /* Debug */,
				726754482A7C004300CE6F46 /* Release */,
			);
			defaultConfigurationIsVisible = 0;
			defaultConfigurationName = Release;
		};
		726754492A7C004300CE6F46 /* Build configuration list for PBXNativeTarget "MapUITests" */ = {
			isa = XCConfigurationList;
			buildConfigurations = (
				7267544A2A7C004300CE6F46 /* Debug */,
				7267544B2A7C004300CE6F46 /* Release */,
			);
			defaultConfigurationIsVisible = 0;
			defaultConfigurationName = Release;
		};
/* End XCConfigurationList section */

/* Begin XCVersionGroup section */
		72B4D2E72C3D8B2800B9F2AD /* AppDataModel.xcdatamodeld */ = {
			isa = XCVersionGroup;
			children = (
				72B4D2E82C3D8B2800B9F2AD /* AppDataModel.xcdatamodel */,
			);
			currentVersion = 72B4D2E82C3D8B2800B9F2AD /* AppDataModel.xcdatamodel */;
			name = AppDataModel.xcdatamodeld;
			path = "/Users/sajpanchal/Desktop/iOS Development/SwiftUI/Map/Map/AppDataModel.xcdatamodeld";
			sourceTree = "<group>";
			versionGroupType = wrapper.xcdatamodel;
		};
/* End XCVersionGroup section */
	};
	rootObject = 726754172A7C004000CE6F46 /* Project object */;
}
